<?xml version="1.0" encoding="utf-8"?>
<Project ToolsVersion="4.0" xmlns="http://schemas.microsoft.com/developer/msbuild/2003">
  <ItemGroup>
    <Filter Include="Source Files">
      <UniqueIdentifier>{88e200c2-783e-45c8-a883-eaee87b1b670}</UniqueIdentifier>
      <Extensions>cpp;c;cxx;rc;def;r;odl;idl;hpj;bat</Extensions>
    </Filter>
    <Filter Include="Header Files">
      <UniqueIdentifier>{134acce7-7aec-4df1-bdaa-082688ae385f}</UniqueIdentifier>
      <Extensions>h;hpp;hxx;hm;inl</Extensions>
    </Filter>
  </ItemGroup>
  <ItemGroup>
    <ClCompile Include="..\..\sfl\sflbits.c">
      <Filter>Source Files</Filter>
    </ClCompile>
    <ClCompile Include="..\..\sfl\sflcomp.c">
      <Filter>Source Files</Filter>
    </ClCompile>
    <ClCompile Include="..\..\sfl\sflcons.c">
      <Filter>Source Files</Filter>
    </ClCompile>
    <ClCompile Include="..\..\sfl\sflconv.c">
      <Filter>Source Files</Filter>
    </ClCompile>
    <ClCompile Include="..\..\sfl\sflcryp.c">
      <Filter>Source Files</Filter>
    </ClCompile>
    <ClCompile Include="..\..\sfl\sflcvbs.c">
      <Filter>Source Files</Filter>
    </ClCompile>
    <ClCompile Include="..\..\sfl\sflcvdp.c">
      <Filter>Source Files</Filter>
    </ClCompile>
    <ClCompile Include="..\..\sfl\sflcvds.c">
      <Filter>Source Files</Filter>
    </ClCompile>
    <ClCompile Include="..\..\sfl\sflcvns.c">
      <Filter>Source Files</Filter>
    </ClCompile>
    <ClCompile Include="..\..\sfl\sflcvsb.c">
      <Filter>Source Files</Filter>
    </ClCompile>
    <ClCompile Include="..\..\sfl\sflcvsd.c">
      <Filter>Source Files</Filter>
    </ClCompile>
    <ClCompile Include="..\..\sfl\sflcvsn.c">
      <Filter>Source Files</Filter>
    </ClCompile>
    <ClCompile Include="..\..\sfl\sflcvst.c">
      <Filter>Source Files</Filter>
    </ClCompile>
    <ClCompile Include="..\..\sfl\sflcvtp.c">
      <Filter>Source Files</Filter>
    </ClCompile>
    <ClCompile Include="..\..\sfl\sflcvts.c">
      <Filter>Source Files</Filter>
    </ClCompile>
    <ClCompile Include="..\..\sfl\sfldate.c">
      <Filter>Source Files</Filter>
    </ClCompile>
    <ClCompile Include="..\..\sfl\sfldbio.c">
      <Filter>Source Files</Filter>
    </ClCompile>
    <ClCompile Include="..\..\sfl\sfldir.c">
      <Filter>Source Files</Filter>
    </ClCompile>
    <ClCompile Include="..\..\sfl\sflenv.c">
      <Filter>Source Files</Filter>
    </ClCompile>
    <ClCompile Include="..\..\sfl\sflexdr.c">
      <Filter>Source Files</Filter>
    </ClCompile>
    <ClCompile Include="..\..\sfl\sflfile.c">
      <Filter>Source Files</Filter>
    </ClCompile>
    <ClCompile Include="..\..\sfl\sflfind.c">
      <Filter>Source Files</Filter>
    </ClCompile>
    <ClCompile Include="..\..\sfl\sflfort.c">
      <Filter>Source Files</Filter>
    </ClCompile>
    <ClCompile Include="..\..\sfl\sflhttp.c">
      <Filter>Source Files</Filter>
    </ClCompile>
    <ClCompile Include="..\..\sfl\sflini.c">
      <Filter>Source Files</Filter>
    </ClCompile>
    <ClCompile Include="..\..\sfl\sfllang.c">
      <Filter>Source Files</Filter>
    </ClCompile>
    <ClCompile Include="..\..\sfl\sfllbuf.c">
      <Filter>Source Files</Filter>
    </ClCompile>
    <ClCompile Include="..\..\sfl\sfllist.c">
      <Filter>Source Files</Filter>
    </ClCompile>
    <ClCompile Include="..\..\sfl\sflmail.c">
      <Filter>Source Files</Filter>
    </ClCompile>
    <ClCompile Include="..\..\sfl\sflmath.c">
      <Filter>Source Files</Filter>
    </ClCompile>
    <ClCompile Include="..\..\sfl\sflmem.c">
      <Filter>Source Files</Filter>
    </ClCompile>
    <ClCompile Include="..\..\sfl\sflmesg.c">
      <Filter>Source Files</Filter>
    </ClCompile>
    <ClCompile Include="..\..\sfl\sflmime.c">
      <Filter>Source Files</Filter>
    </ClCompile>
    <ClCompile Include="..\..\sfl\sflmysql.c">
      <Filter>Source Files</Filter>
    </ClCompile>
    <ClCompile Include="..\..\sfl\sflnode.c">
      <Filter>Source Files</Filter>
    </ClCompile>
    <ClCompile Include="..\..\sfl\sflprint.c">
      <Filter>Source Files</Filter>
    </ClCompile>
    <ClCompile Include="..\..\sfl\sflproc.c">
      <Filter>Source Files</Filter>
    </ClCompile>
    <ClCompile Include="..\..\sfl\sflslot.c">
      <Filter>Source Files</Filter>
    </ClCompile>
    <ClCompile Include="..\..\sfl\sflsock.c">
      <Filter>Source Files</Filter>
    </ClCompile>
    <ClCompile Include="..\..\sfl\sflstr.c">
      <Filter>Source Files</Filter>
    </ClCompile>
    <ClCompile Include="..\..\sfl\sflsymb.c">
      <Filter>Source Files</Filter>
    </ClCompile>
    <ClCompile Include="..\..\sfl\sflsyst.c">
      <Filter>Source Files</Filter>
    </ClCompile>
    <ClCompile Include="..\..\sfl\sfltok.c">
      <Filter>Source Files</Filter>
    </ClCompile>
    <ClCompile Include="..\..\sfl\sfltree.c">
      <Filter>Source Files</Filter>
    </ClCompile>
    <ClCompile Include="..\..\sfl\sfltron.c">
      <Filter>Source Files</Filter>
    </ClCompile>
    <ClCompile Include="..\..\sfl\sfluid.c">
      <Filter>Source Files</Filter>
    </ClCompile>
    <ClCompile Include="..\..\sfl\sflxml.c">
      <Filter>Source Files</Filter>
    </ClCompile>
    <ClCompile Include="..\..\sfl\sflxmll.c">
      <Filter>Source Files</Filter>
    </ClCompile>
  </ItemGroup>
</Project>