<?xml version="1.0" encoding="utf-8"?>
<Project ToolsVersion="4.0" xmlns="http://schemas.microsoft.com/developer/msbuild/2003">
  <ItemGroup>
    <Filter Include="Source Files">
      <UniqueIdentifier>{f37a5fd5-90c7-4556-8a0a-9cebf5f8ce10}</UniqueIdentifier>
      <Extensions>cpp;c;cxx;rc;def;r;odl;idl;hpj;bat</Extensions>
    </Filter>
    <Filter Include="Header Files">
      <UniqueIdentifier>{32df0615-bb16-48ef-982a-dc94adc937d8}</UniqueIdentifier>
      <Extensions>h;hpp;hxx;hm;inl</Extensions>
    </Filter>
  </ItemGroup>
  <ItemGroup>
    <ClCompile Include="..\..\smt\smtecho.c">
      <Filter>Source Files</Filter>
    </ClCompile>
    <ClCompile Include="..\..\smt\smtftpc.c">
      <Filter>Source Files</Filter>
    </ClCompile>
    <ClCompile Include="..\..\smt\smtftpd.c">
      <Filter>Source Files</Filter>
    </ClCompile>
    <ClCompile Include="..\..\smt\smtftpl.c">
      <Filter>Source Files</Filter>
    </ClCompile>
    <ClCompile Include="..\..\smt\smthlog.c">
      <Filter>Source Files</Filter>
    </ClCompile>
    <ClCompile Include="..\..\smt\smthttp.c">
      <Filter>Source Files</Filter>
    </ClCompile>
    <ClCompile Include="..\..\smt\smthttpl.c">
      <Filter>Source Files</Filter>
    </ClCompile>
    <ClCompile Include="..\..\smt\smtlib.c">
      <Filter>Source Files</Filter>
    </ClCompile>
    <ClCompile Include="..\..\smt\smtlog.c">
      <Filter>Source Files</Filter>
    </ClCompile>
    <ClCompile Include="..\..\smt\smtmsg.c">
      <Filter>Source Files</Filter>
    </ClCompile>
    <ClCompile Include="..\..\smt\smtoper.c">
      <Filter>Source Files</Filter>
    </ClCompile>
    <ClCompile Include="..\..\smt\smtpipe.c">
      <Filter>Source Files</Filter>
    </ClCompile>
    <ClCompile Include="..\..\smt\smtrdns.c">
      <Filter>Source Files</Filter>
    </ClCompile>
    <ClCompile Include="..\..\smt\smtrdnsl.c">
      <Filter>Source Files</Filter>
    </ClCompile>
    <ClCompile Include="..\..\smt\smtslot.c">
      <Filter>Source Files</Filter>
    </ClCompile>
    <ClCompile Include="..\..\smt\smtsock.c">
      <Filter>Source Files</Filter>
    </ClCompile>
    <ClCompile Include="..\..\smt\smtsslm.c">
      <Filter>Source Files</Filter>
    </ClCompile>
    <ClCompile Include="..\..\smt\smttime.c">
      <Filter>Source Files</Filter>
    </ClCompile>
    <ClCompile Include="..\..\smt\smttran.c">
      <Filter>Source Files</Filter>
    </ClCompile>
    <ClCompile Include="..\..\smt\xiddns.c">
      <Filter>Source Files</Filter>
    </ClCompile>
    <ClCompile Include="..\..\smt\xierror.c">
      <Filter>Source Files</Filter>
    </ClCompile>
    <ClCompile Include="..\..\smt\xiimap.c">
      <Filter>Source Files</Filter>
    </ClCompile>
    <ClCompile Include="..\..\smt\xilrwp.c">
      <Filter>Source Files</Filter>
    </ClCompile>
    <ClCompile Include="..\..\smt\xiredir.c">
      <Filter>Source Files</Filter>
    </ClCompile>
    <ClCompile Include="..\..\smt\xisuper.c">
      <Filter>Source Files</Filter>
    </ClCompile>
    <ClCompile Include="..\..\smt\xixlog.c">
      <Filter>Source Files</Filter>
    </ClCompile>
    <ClCompile Include="..\..\smt\xixlogm.c">
      <Filter>Source Files</Filter>
    </ClCompile>
    <ClCompile Include="..\..\smt\xixssi.c">
      <Filter>Source Files</Filter>
    </ClCompile>
    <ClCompile Include="..\..\smt\xixxml.c">
      <Filter>Source Files</Filter>
    </ClCompile>
  </ItemGroup>
</Project>