<?xml version="1.0" encoding="utf-8"?>
<Project ToolsVersion="4.0" xmlns="http://schemas.microsoft.com/developer/msbuild/2003">
  <ItemGroup>
    <Filter Include="Source Files">
      <UniqueIdentifier>{cc98f337-8fcc-495a-89d5-8e61769f08fb}</UniqueIdentifier>
      <Extensions>cpp;c;cxx;rc;def;r;odl;idl;hpj;bat</Extensions>
    </Filter>
    <Filter Include="Header Files">
      <UniqueIdentifier>{2585debf-b704-4098-bca2-c243fc72ee48}</UniqueIdentifier>
      <Extensions>h;hpp;hxx;hm;inl</Extensions>
    </Filter>
  </ItemGroup>
  <ItemGroup>
    <ClCompile Include="..\..\studio\brocgi.c">
      <Filter>Source Files</Filter>
    </ClCompile>
    <ClCompile Include="..\..\studio\browtp.c">
      <Filter>Source Files</Filter>
    </ClCompile>
    <ClCompile Include="..\..\studio\ctxman.c">
      <Filter>Source Files</Filter>
    </ClCompile>
    <ClCompile Include="..\..\studio\formio.c">
      <Filter>Source Files</Filter>
    </ClCompile>
    <ClCompile Include="..\..\studio\wtplib.c">
      <Filter>Source Files</Filter>
    </ClCompile>
    <ClCompile Include="..\..\studio\wtpman.c">
      <Filter>Source Files</Filter>
    </ClCompile>
    <ClCompile Include="..\..\studio\wtpmsg.c">
      <Filter>Source Files</Filter>
    </ClCompile>
  </ItemGroup>
</Project>